// !$*UTF8*$!
{
	archiveVersion = 1;
	classes = {
	};
	objectVersion = 50;
	objects = {

/* Begin PBXBuildFile section */
		D683974C20C8F6FE008F9CE6 /* AppDelegate.swift in Sources */ = {isa = PBXBuildFile; fileRef = D683974B20C8F6FE008F9CE6 /* AppDelegate.swift */; };
		D683974E20C8F6FE008F9CE6 /* ViewController.swift in Sources */ = {isa = PBXBuildFile; fileRef = D683974D20C8F6FE008F9CE6 /* ViewController.swift */; };
		D683975120C8F6FE008F9CE6 /* Main.storyboard in Resources */ = {isa = PBXBuildFile; fileRef = D683974F20C8F6FE008F9CE6 /* Main.storyboard */; };
		D683975320C8F70C008F9CE6 /* Assets.xcassets in Resources */ = {isa = PBXBuildFile; fileRef = D683975220C8F70C008F9CE6 /* Assets.xcassets */; };
		D683975620C8F70C008F9CE6 /* LaunchScreen.storyboard in Resources */ = {isa = PBXBuildFile; fileRef = D683975420C8F70C008F9CE6 /* LaunchScreen.storyboard */; };
		D683976120C8F70C008F9CE6 /* HWUIPageViewControllerTests.swift in Sources */ = {isa = PBXBuildFile; fileRef = D683976020C8F70C008F9CE6 /* HWUIPageViewControllerTests.swift */; };
		D683976C20C8F70C008F9CE6 /* HWUIPageViewControllerUITests.swift in Sources */ = {isa = PBXBuildFile; fileRef = D683976B20C8F70C008F9CE6 /* HWUIPageViewControllerUITests.swift */; };
		D683977A20C8F7CF008F9CE6 /* MyViewController.swift in Sources */ = {isa = PBXBuildFile; fileRef = D683977920C8F7CF008F9CE6 /* MyViewController.swift */; };
		D683977C20C8F851008F9CE6 /* TelegramViewController.swift in Sources */ = {isa = PBXBuildFile; fileRef = D683977B20C8F851008F9CE6 /* TelegramViewController.swift */; };
		D683977E20C8F8B8008F9CE6 /* TelegramHelper.swift in Sources */ = {isa = PBXBuildFile; fileRef = D683977D20C8F8B8008F9CE6 /* TelegramHelper.swift */; };
/* End PBXBuildFile section */

/* Begin PBXContainerItemProxy section */
		D683975D20C8F70C008F9CE6 /* PBXContainerItemProxy */ = {
			isa = PBXContainerItemProxy;
			containerPortal = D683974020C8F6FE008F9CE6 /* Project object */;
			proxyType = 1;
			remoteGlobalIDString = D683974720C8F6FE008F9CE6;
			remoteInfo = HWUIPageViewController;
		};
		D683976820C8F70C008F9CE6 /* PBXContainerItemProxy */ = {
			isa = PBXContainerItemProxy;
			containerPortal = D683974020C8F6FE008F9CE6 /* Project object */;
			proxyType = 1;
			remoteGlobalIDString = D683974720C8F6FE008F9CE6;
			remoteInfo = HWUIPageViewController;
		};
/* End PBXContainerItemProxy section */

/* Begin PBXFileReference section */
		D683974820C8F6FE008F9CE6 /* HWUIPageViewController.app */ = {isa = PBXFileReference; explicitFileType = wrapper.application; includeInIndex = 0; path = HWUIPageViewController.app; sourceTree = BUILT_PRODUCTS_DIR; };
		D683974B20C8F6FE008F9CE6 /* AppDelegate.swift */ = {isa = PBXFileReference; lastKnownFileType = sourcecode.swift; path = AppDelegate.swift; sourceTree = "<group>"; };
		D683974D20C8F6FE008F9CE6 /* ViewController.swift */ = {isa = PBXFileReference; lastKnownFileType = sourcecode.swift; path = ViewController.swift; sourceTree = "<group>"; };
		D683975020C8F6FE008F9CE6 /* Base */ = {isa = PBXFileReference; lastKnownFileType = file.storyboard; name = Base; path = Base.lproj/Main.storyboard; sourceTree = "<group>"; };
		D683975220C8F70C008F9CE6 /* Assets.xcassets */ = {isa = PBXFileReference; lastKnownFileType = folder.assetcatalog; path = Assets.xcassets; sourceTree = "<group>"; };
		D683975520C8F70C008F9CE6 /* Base */ = {isa = PBXFileReference; lastKnownFileType = file.storyboard; name = Base; path = Base.lproj/LaunchScreen.storyboard; sourceTree = "<group>"; };
		D683975720C8F70C008F9CE6 /* Info.plist */ = {isa = PBXFileReference; lastKnownFileType = text.plist.xml; path = Info.plist; sourceTree = "<group>"; };
		D683975C20C8F70C008F9CE6 /* HWUIPageViewControllerTests.xctest */ = {isa = PBXFileReference; explicitFileType = wrapper.cfbundle; includeInIndex = 0; path = HWUIPageViewControllerTests.xctest; sourceTree = BUILT_PRODUCTS_DIR; };
		D683976020C8F70C008F9CE6 /* HWUIPageViewControllerTests.swift */ = {isa = PBXFileReference; lastKnownFileType = sourcecode.swift; path = HWUIPageViewControllerTests.swift; sourceTree = "<group>"; };
		D683976220C8F70C008F9CE6 /* Info.plist */ = {isa = PBXFileReference; lastKnownFileType = text.plist.xml; path = Info.plist; sourceTree = "<group>"; };
		D683976720C8F70C008F9CE6 /* HWUIPageViewControllerUITests.xctest */ = {isa = PBXFileReference; explicitFileType = wrapper.cfbundle; includeInIndex = 0; path = HWUIPageViewControllerUITests.xctest; sourceTree = BUILT_PRODUCTS_DIR; };
		D683976B20C8F70C008F9CE6 /* HWUIPageViewControllerUITests.swift */ = {isa = PBXFileReference; lastKnownFileType = sourcecode.swift; path = HWUIPageViewControllerUITests.swift; sourceTree = "<group>"; };
		D683976D20C8F70C008F9CE6 /* Info.plist */ = {isa = PBXFileReference; lastKnownFileType = text.plist.xml; path = Info.plist; sourceTree = "<group>"; };
		D683977920C8F7CF008F9CE6 /* MyViewController.swift */ = {isa = PBXFileReference; lastKnownFileType = sourcecode.swift; path = MyViewController.swift; sourceTree = "<group>"; };
		D683977B20C8F851008F9CE6 /* TelegramViewController.swift */ = {isa = PBXFileReference; lastKnownFileType = sourcecode.swift; path = TelegramViewController.swift; sourceTree = "<group>"; };
		D683977D20C8F8B8008F9CE6 /* TelegramHelper.swift */ = {isa = PBXFileReference; lastKnownFileType = sourcecode.swift; path = TelegramHelper.swift; sourceTree = "<group>"; };
/* End PBXFileReference section */

/* Begin PBXFrameworksBuildPhase section */
		D683974520C8F6FE008F9CE6 /* Frameworks */ = {
			isa = PBXFrameworksBuildPhase;
			buildActionMask = 2147483647;
			files = (
			);
			runOnlyForDeploymentPostprocessing = 0;
		};
		D683975920C8F70C008F9CE6 /* Frameworks */ = {
			isa = PBXFrameworksBuildPhase;
			buildActionMask = 2147483647;
			files = (
			);
			runOnlyForDeploymentPostprocessing = 0;
		};
		D683976420C8F70C008F9CE6 /* Frameworks */ = {
			isa = PBXFrameworksBuildPhase;
			buildActionMask = 2147483647;
			files = (
			);
			runOnlyForDeploymentPostprocessing = 0;
		};
/* End PBXFrameworksBuildPhase section */

/* Begin PBXGroup section */
		D683973F20C8F6FE008F9CE6 = {
			isa = PBXGroup;
			children = (
				D683974A20C8F6FE008F9CE6 /* HWUIPageViewController */,
				D683975F20C8F70C008F9CE6 /* HWUIPageViewControllerTests */,
				D683976A20C8F70C008F9CE6 /* HWUIPageViewControllerUITests */,
				D683974920C8F6FE008F9CE6 /* Products */,
			);
			sourceTree = "<group>";
		};
		D683974920C8F6FE008F9CE6 /* Products */ = {
			isa = PBXGroup;
			children = (
				D683974820C8F6FE008F9CE6 /* HWUIPageViewController.app */,
				D683975C20C8F70C008F9CE6 /* HWUIPageViewControllerTests.xctest */,
				D683976720C8F70C008F9CE6 /* HWUIPageViewControllerUITests.xctest */,
			);
			name = Products;
			sourceTree = "<group>";
		};
		D683974A20C8F6FE008F9CE6 /* HWUIPageViewController */ = {
			isa = PBXGroup;
			children = (
				D683974B20C8F6FE008F9CE6 /* AppDelegate.swift */,
				D683977920C8F7CF008F9CE6 /* MyViewController.swift */,
				D683977B20C8F851008F9CE6 /* TelegramViewController.swift */,
				D683977D20C8F8B8008F9CE6 /* TelegramHelper.swift */,
				D683974D20C8F6FE008F9CE6 /* ViewController.swift */,
				D683974F20C8F6FE008F9CE6 /* Main.storyboard */,
				D683975220C8F70C008F9CE6 /* Assets.xcassets */,
				D683975420C8F70C008F9CE6 /* LaunchScreen.storyboard */,
				D683975720C8F70C008F9CE6 /* Info.plist */,
			);
			path = HWUIPageViewController;
			sourceTree = "<group>";
		};
		D683975F20C8F70C008F9CE6 /* HWUIPageViewControllerTests */ = {
			isa = PBXGroup;
			children = (
				D683976020C8F70C008F9CE6 /* HWUIPageViewControllerTests.swift */,
				D683976220C8F70C008F9CE6 /* Info.plist */,
			);
			path = HWUIPageViewControllerTests;
			sourceTree = "<group>";
		};
		D683976A20C8F70C008F9CE6 /* HWUIPageViewControllerUITests */ = {
			isa = PBXGroup;
			children = (
				D683976B20C8F70C008F9CE6 /* HWUIPageViewControllerUITests.swift */,
				D683976D20C8F70C008F9CE6 /* Info.plist */,
			);
			path = HWUIPageViewControllerUITests;
			sourceTree = "<group>";
		};
/* End PBXGroup section */

/* Begin PBXNativeTarget section */
		D683974720C8F6FE008F9CE6 /* HWUIPageViewController */ = {
			isa = PBXNativeTarget;
			buildConfigurationList = D683977020C8F70C008F9CE6 /* Build configuration list for PBXNativeTarget "HWUIPageViewController" */;
			buildPhases = (
				D683974420C8F6FE008F9CE6 /* Sources */,
				D683974520C8F6FE008F9CE6 /* Frameworks */,
				D683974620C8F6FE008F9CE6 /* Resources */,
			);
			buildRules = (
			);
			dependencies = (
			);
			name = HWUIPageViewController;
			productName = HWUIPageViewController;
			productReference = D683974820C8F6FE008F9CE6 /* HWUIPageViewController.app */;
			productType = "com.apple.product-type.application";
		};
		D683975B20C8F70C008F9CE6 /* HWUIPageViewControllerTests */ = {
			isa = PBXNativeTarget;
			buildConfigurationList = D683977320C8F70C008F9CE6 /* Build configuration list for PBXNativeTarget "HWUIPageViewControllerTests" */;
			buildPhases = (
				D683975820C8F70C008F9CE6 /* Sources */,
				D683975920C8F70C008F9CE6 /* Frameworks */,
				D683975A20C8F70C008F9CE6 /* Resources */,
			);
			buildRules = (
			);
			dependencies = (
				D683975E20C8F70C008F9CE6 /* PBXTargetDependency */,
			);
			name = HWUIPageViewControllerTests;
			productName = HWUIPageViewControllerTests;
			productReference = D683975C20C8F70C008F9CE6 /* HWUIPageViewControllerTests.xctest */;
			productType = "com.apple.product-type.bundle.unit-test";
		};
		D683976620C8F70C008F9CE6 /* HWUIPageViewControllerUITests */ = {
			isa = PBXNativeTarget;
			buildConfigurationList = D683977620C8F70C008F9CE6 /* Build configuration list for PBXNativeTarget "HWUIPageViewControllerUITests" */;
			buildPhases = (
				D683976320C8F70C008F9CE6 /* Sources */,
				D683976420C8F70C008F9CE6 /* Frameworks */,
				D683976520C8F70C008F9CE6 /* Resources */,
			);
			buildRules = (
			);
			dependencies = (
				D683976920C8F70C008F9CE6 /* PBXTargetDependency */,
			);
			name = HWUIPageViewControllerUITests;
			productName = HWUIPageViewControllerUITests;
			productReference = D683976720C8F70C008F9CE6 /* HWUIPageViewControllerUITests.xctest */;
			productType = "com.apple.product-type.bundle.ui-testing";
		};
/* End PBXNativeTarget section */

/* Begin PBXProject section */
		D683974020C8F6FE008F9CE6 /* Project object */ = {
			isa = PBXProject;
			attributes = {
				LastSwiftUpdateCheck = 0940;
				LastUpgradeCheck = 0940;
				ORGANIZATIONNAME = mikhey;
				TargetAttributes = {
					D683974720C8F6FE008F9CE6 = {
						CreatedOnToolsVersion = 9.4;
					};
					D683975B20C8F70C008F9CE6 = {
						CreatedOnToolsVersion = 9.4;
						TestTargetID = D683974720C8F6FE008F9CE6;
					};
					D683976620C8F70C008F9CE6 = {
						CreatedOnToolsVersion = 9.4;
						TestTargetID = D683974720C8F6FE008F9CE6;
					};
				};
			};
			buildConfigurationList = D683974320C8F6FE008F9CE6 /* Build configuration list for PBXProject "HWUIPageViewController" */;
			compatibilityVersion = "Xcode 9.3";
			developmentRegion = en;
			hasScannedForEncodings = 0;
			knownRegions = (
				en,
				Base,
			);
			mainGroup = D683973F20C8F6FE008F9CE6;
			productRefGroup = D683974920C8F6FE008F9CE6 /* Products */;
			projectDirPath = "";
			projectRoot = "";
			targets = (
				D683974720C8F6FE008F9CE6 /* HWUIPageViewController */,
				D683975B20C8F70C008F9CE6 /* HWUIPageViewControllerTests */,
				D683976620C8F70C008F9CE6 /* HWUIPageViewControllerUITests */,
			);
		};
/* End PBXProject section */

/* Begin PBXResourcesBuildPhase section */
		D683974620C8F6FE008F9CE6 /* Resources */ = {
			isa = PBXResourcesBuildPhase;
			buildActionMask = 2147483647;
			files = (
				D683975620C8F70C008F9CE6 /* LaunchScreen.storyboard in Resources */,
				D683975320C8F70C008F9CE6 /* Assets.xcassets in Resources */,
				D683975120C8F6FE008F9CE6 /* Main.storyboard in Resources */,
			);
			runOnlyForDeploymentPostprocessing = 0;
		};
		D683975A20C8F70C008F9CE6 /* Resources */ = {
			isa = PBXResourcesBuildPhase;
			buildActionMask = 2147483647;
			files = (
			);
			runOnlyForDeploymentPostprocessing = 0;
		};
		D683976520C8F70C008F9CE6 /* Resources */ = {
			isa = PBXResourcesBuildPhase;
			buildActionMask = 2147483647;
			files = (
			);
			runOnlyForDeploymentPostprocessing = 0;
		};
/* End PBXResourcesBuildPhase section */

/* Begin PBXSourcesBuildPhase section */
		D683974420C8F6FE008F9CE6 /* Sources */ = {
			isa = PBXSourcesBuildPhase;
			buildActionMask = 2147483647;
			files = (
				D683974E20C8F6FE008F9CE6 /* ViewController.swift in Sources */,
				D683977A20C8F7CF008F9CE6 /* MyViewController.swift in Sources */,
				D683977E20C8F8B8008F9CE6 /* TelegramHelper.swift in Sources */,
				D683974C20C8F6FE008F9CE6 /* AppDelegate.swift in Sources */,
				D683977C20C8F851008F9CE6 /* TelegramViewController.swift in Sources */,
			);
			runOnlyForDeploymentPostprocessing = 0;
		};
		D683975820C8F70C008F9CE6 /* Sources */ = {
			isa = PBXSourcesBuildPhase;
			buildActionMask = 2147483647;
			files = (
				D683976120C8F70C008F9CE6 /* HWUIPageViewControllerTests.swift in Sources */,
			);
			runOnlyForDeploymentPostprocessing = 0;
		};
		D683976320C8F70C008F9CE6 /* Sources */ = {
			isa = PBXSourcesBuildPhase;
			buildActionMask = 2147483647;
			files = (
				D683976C20C8F70C008F9CE6 /* HWUIPageViewControllerUITests.swift in Sources */,
			);
			runOnlyForDeploymentPostprocessing = 0;
		};
/* End PBXSourcesBuildPhase section */

/* Begin PBXTargetDependency section */
		D683975E20C8F70C008F9CE6 /* PBXTargetDependency */ = {
			isa = PBXTargetDependency;
			target = D683974720C8F6FE008F9CE6 /* HWUIPageViewController */;
			targetProxy = D683975D20C8F70C008F9CE6 /* PBXContainerItemProxy */;
		};
		D683976920C8F70C008F9CE6 /* PBXTargetDependency */ = {
			isa = PBXTargetDependency;
			target = D683974720C8F6FE008F9CE6 /* HWUIPageViewController */;
			targetProxy = D683976820C8F70C008F9CE6 /* PBXContainerItemProxy */;
		};
/* End PBXTargetDependency section */

/* Begin PBXVariantGroup section */
		D683974F20C8F6FE008F9CE6 /* Main.storyboard */ = {
			isa = PBXVariantGroup;
			children = (
				D683975020C8F6FE008F9CE6 /* Base */,
			);
			name = Main.storyboard;
			sourceTree = "<group>";
		};
		D683975420C8F70C008F9CE6 /* LaunchScreen.storyboard */ = {
			isa = PBXVariantGroup;
			children = (
				D683975520C8F70C008F9CE6 /* Base */,
			);
			name = LaunchScreen.storyboard;
			sourceTree = "<group>";
		};
/* End PBXVariantGroup section */

/* Begin XCBuildConfiguration section */
		D683976E20C8F70C008F9CE6 /* Debug */ = {
			isa = XCBuildConfiguration;
			buildSettings = {
				ALWAYS_SEARCH_USER_PATHS = NO;
				CLANG_ANALYZER_NONNULL = YES;
				CLANG_ANALYZER_NUMBER_OBJECT_CONVERSION = YES_AGGRESSIVE;
				CLANG_CXX_LANGUAGE_STANDARD = "gnu++14";
				CLANG_CXX_LIBRARY = "libc++";
				CLANG_ENABLE_MODULES = YES;
				CLANG_ENABLE_OBJC_ARC = YES;
				CLANG_ENABLE_OBJC_WEAK = YES;
				CLANG_WARN_BLOCK_CAPTURE_AUTORELEASING = YES;
				CLANG_WARN_BOOL_CONVERSION = YES;
				CLANG_WARN_COMMA = YES;
				CLANG_WARN_CONSTANT_CONVERSION = YES;
				CLANG_WARN_DEPRECATED_OBJC_IMPLEMENTATIONS = YES;
				CLANG_WARN_DIRECT_OBJC_ISA_USAGE = YES_ERROR;
				CLANG_WARN_DOCUMENTATION_COMMENTS = YES;
				CLANG_WARN_EMPTY_BODY = YES;
				CLANG_WARN_ENUM_CONVERSION = YES;
				CLANG_WARN_INFINITE_RECURSION = YES;
				CLANG_WARN_INT_CONVERSION = YES;
				CLANG_WARN_NON_LITERAL_NULL_CONVERSION = YES;
				CLANG_WARN_OBJC_IMPLICIT_RETAIN_SELF = YES;
				CLANG_WARN_OBJC_LITERAL_CONVERSION = YES;
				CLANG_WARN_OBJC_ROOT_CLASS = YES_ERROR;
				CLANG_WARN_RANGE_LOOP_ANALYSIS = YES;
				CLANG_WARN_STRICT_PROTOTYPES = YES;
				CLANG_WARN_SUSPICIOUS_MOVE = YES;
				CLANG_WARN_UNGUARDED_AVAILABILITY = YES_AGGRESSIVE;
				CLANG_WARN_UNREACHABLE_CODE = YES;
				CLANG_WARN__DUPLICATE_METHOD_MATCH = YES;
				CODE_SIGN_IDENTITY = "iPhone Developer";
				COPY_PHASE_STRIP = NO;
				DEBUG_INFORMATION_FORMAT = dwarf;
				ENABLE_STRICT_OBJC_MSGSEND = YES;
				ENABLE_TESTABILITY = YES;
				GCC_C_LANGUAGE_STANDARD = gnu11;
				GCC_DYNAMIC_NO_PIC = NO;
				GCC_NO_COMMON_BLOCKS = YES;
				GCC_OPTIMIZATION_LEVEL = 0;
				GCC_PREPROCESSOR_DEFINITIONS = (
					"DEBUG=1",
					"$(inherited)",
				);
				GCC_WARN_64_TO_32_BIT_CONVERSION = YES;
				GCC_WARN_ABOUT_RETURN_TYPE = YES_ERROR;
				GCC_WARN_UNDECLARED_SELECTOR = YES;
				GCC_WARN_UNINITIALIZED_AUTOS = YES_AGGRESSIVE;
				GCC_WARN_UNUSED_FUNCTION = YES;
				GCC_WARN_UNUSED_VARIABLE = YES;
				IPHONEOS_DEPLOYMENT_TARGET = 11.4;
				MTL_ENABLE_DEBUG_INFO = YES;
				ONLY_ACTIVE_ARCH = YES;
				SDKROOT = iphoneos;
				SWIFT_ACTIVE_COMPILATION_CONDITIONS = DEBUG;
				SWIFT_OPTIMIZATION_LEVEL = "-Onone";
			};
			name = Debug;
		};
		D683976F20C8F70C008F9CE6 /* Release */ = {
			isa = XCBuildConfiguration;
			buildSettings = {
				ALWAYS_SEARCH_USER_PATHS = NO;
				CLANG_ANALYZER_NONNULL = YES;
				CLANG_ANALYZER_NUMBER_OBJECT_CONVERSION = YES_AGGRESSIVE;
				CLANG_CXX_LANGUAGE_STANDARD = "gnu++14";
				CLANG_CXX_LIBRARY = "libc++";
				CLANG_ENABLE_MODULES = YES;
				CLANG_ENABLE_OBJC_ARC = YES;
				CLANG_ENABLE_OBJC_WEAK = YES;
				CLANG_WARN_BLOCK_CAPTURE_AUTORELEASING = YES;
				CLANG_WARN_BOOL_CONVERSION = YES;
				CLANG_WARN_COMMA = YES;
				CLANG_WARN_CONSTANT_CONVERSION = YES;
				CLANG_WARN_DEPRECATED_OBJC_IMPLEMENTATIONS = YES;
				CLANG_WARN_DIRECT_OBJC_ISA_USAGE = YES_ERROR;
				CLANG_WARN_DOCUMENTATION_COMMENTS = YES;
				CLANG_WARN_EMPTY_BODY = YES;
				CLANG_WARN_ENUM_CONVERSION = YES;
				CLANG_WARN_INFINITE_RECURSION = YES;
				CLANG_WARN_INT_CONVERSION = YES;
				CLANG_WARN_NON_LITERAL_NULL_CONVERSION = YES;
				CLANG_WARN_OBJC_IMPLICIT_RETAIN_SELF = YES;
				CLANG_WARN_OBJC_LITERAL_CONVERSION = YES;
				CLANG_WARN_OBJC_ROOT_CLASS = YES_ERROR;
				CLANG_WARN_RANGE_LOOP_ANALYSIS = YES;
				CLANG_WARN_STRICT_PROTOTYPES = YES;
				CLANG_WARN_SUSPICIOUS_MOVE = YES;
				CLANG_WARN_UNGUARDED_AVAILABILITY = YES_AGGRESSIVE;
				CLANG_WARN_UNREACHABLE_CODE = YES;
				CLANG_WARN__DUPLICATE_METHOD_MATCH = YES;
				CODE_SIGN_IDENTITY = "iPhone Developer";
				COPY_PHASE_STRIP = NO;
				DEBUG_INFORMATION_FORMAT = "dwarf-with-dsym";
				ENABLE_NS_ASSERTIONS = NO;
				ENABLE_STRICT_OBJC_MSGSEND = YES;
				GCC_C_LANGUAGE_STANDARD = gnu11;
				GCC_NO_COMMON_BLOCKS = YES;
				GCC_WARN_64_TO_32_BIT_CONVERSION = YES;
				GCC_WARN_ABOUT_RETURN_TYPE = YES_ERROR;
				GCC_WARN_UNDECLARED_SELECTOR = YES;
				GCC_WARN_UNINITIALIZED_AUTOS = YES_AGGRESSIVE;
				GCC_WARN_UNUSED_FUNCTION = YES;
				GCC_WARN_UNUSED_VARIABLE = YES;
				IPHONEOS_DEPLOYMENT_TARGET = 11.4;
				MTL_ENABLE_DEBUG_INFO = NO;
				SDKROOT = iphoneos;
				SWIFT_COMPILATION_MODE = wholemodule;
				SWIFT_OPTIMIZATION_LEVEL = "-O";
				VALIDATE_PRODUCT = YES;
			};
			name = Release;
		};
		D683977120C8F70C008F9CE6 /* Debug */ = {
			isa = XCBuildConfiguration;
			buildSettings = {
				ASSETCATALOG_COMPILER_APPICON_NAME = AppIcon;
				CODE_SIGN_STYLE = Automatic;
				DEVELOPMENT_TEAM = J8LWAAB2XC;
				INFOPLIST_FILE = HWUIPageViewController/Info.plist;
				LD_RUNPATH_SEARCH_PATHS = (
					"$(inherited)",
					"@executable_path/Frameworks",
				);
				PRODUCT_BUNDLE_IDENTIFIER = mikhey.HWUIPageViewController;
				PRODUCT_NAME = "$(TARGET_NAME)";
				SWIFT_VERSION = 4.0;
				TARGETED_DEVICE_FAMILY = "1,2";
			};
			name = Debug;
		};
		D683977220C8F70C008F9CE6 /* Release */ = {
			isa = XCBuildConfiguration;
			buildSettings = {
				ASSETCATALOG_COMPILER_APPICON_NAME = AppIcon;
				CODE_SIGN_STYLE = Automatic;
				DEVELOPMENT_TEAM = J8LWAAB2XC;
				INFOPLIST_FILE = HWUIPageViewController/Info.plist;
				LD_RUNPATH_SEARCH_PATHS = (
					"$(inherited)",
					"@executable_path/Frameworks",
				);
				PRODUCT_BUNDLE_IDENTIFIER = mikhey.HWUIPageViewController;
				PRODUCT_NAME = "$(TARGET_NAME)";
				SWIFT_VERSION = 4.0;
				TARGETED_DEVICE_FAMILY = "1,2";
			};
			name = Release;
		};
		D683977420C8F70C008F9CE6 /* Debug */ = {
			isa = XCBuildConfiguration;
			buildSettings = {
				ALWAYS_EMBED_SWIFT_STANDARD_LIBRARIES = YES;
				BUNDLE_LOADER = "$(TEST_HOST)";
				CODE_SIGN_STYLE = Automatic;
				DEVELOPMENT_TEAM = J8LWAAB2XC;
				INFOPLIST_FILE = HWUIPageViewControllerTests/Info.plist;
				LD_RUNPATH_SEARCH_PATHS = (
					"$(inherited)",
					"@executable_path/Frameworks",
					"@loader_path/Frameworks",
				);
				PRODUCT_BUNDLE_IDENTIFIER = mikhey.HWUIPageViewControllerTests;
				PRODUCT_NAME = "$(TARGET_NAME)";
				SWIFT_VERSION = 4.0;
				TARGETED_DEVICE_FAMILY = "1,2";
				TEST_HOST = "$(BUILT_PRODUCTS_DIR)/HWUIPageViewController.app/HWUIPageViewController";
			};
			name = Debug;
		};
		D683977520C8F70C008F9CE6 /* Release */ = {
			isa = XCBuildConfiguration;
			buildSettings = {
				ALWAYS_EMBED_SWIFT_STANDARD_LIBRARIES = YES;
				BUNDLE_LOADER = "$(TEST_HOST)";
				CODE_SIGN_STYLE = Automatic;
				DEVELOPMENT_TEAM = J8LWAAB2XC;
				INFOPLIST_FILE = HWUIPageViewControllerTests/Info.plist;
				LD_RUNPATH_SEARCH_PATHS = (
					"$(inherited)",
					"@executable_path/Frameworks",
					"@loader_path/Frameworks",
				);
				PRODUCT_BUNDLE_IDENTIFIER = mikhey.HWUIPageViewControllerTests;
				PRODUCT_NAME = "$(TARGET_NAME)";
				SWIFT_VERSION = 4.0;
				TARGETED_DEVICE_FAMILY = "1,2";
				TEST_HOST = "$(BUILT_PRODUCTS_DIR)/HWUIPageViewController.app/HWUIPageViewController";
			};
			name = Release;
		};
		D683977720C8F70C008F9CE6 /* Debug */ = {
			isa = XCBuildConfiguration;
			buildSettings = {
				ALWAYS_EMBED_SWIFT_STANDARD_LIBRARIES = YES;
				CODE_SIGN_STYLE = Automatic;
				DEVELOPMENT_TEAM = J8LWAAB2XC;
				INFOPLIST_FILE = HWUIPageViewControllerUITests/Info.plist;
				LD_RUNPATH_SEARCH_PATHS = (
					"$(inherited)",
					"@executable_path/Frameworks",
					"@loader_path/Frameworks",
				);
				PRODUCT_BUNDLE_IDENTIFIER = mikhey.HWUIPageViewControllerUITests;
				PRODUCT_NAME = "$(TARGET_NAME)";
				SWIFT_VERSION = 4.0;
				TARGETED_DEVICE_FAMILY = "1,2";
				TEST_TARGET_NAME = HWUIPageViewController;
			};
			name = Debug;
		};
		D683977820C8F70C008F9CE6 /* Release */ = {
			isa = XCBuildConfiguration;
			buildSettings = {
				ALWAYS_EMBED_SWIFT_STANDARD_LIBRARIES = YES;
				CODE_SIGN_STYLE = Automatic;
				DEVELOPMENT_TEAM = J8LWAAB2XC;
				INFOPLIST_FILE = HWUIPageViewControllerUITests/Info.plist;
				LD_RUNPATH_SEARCH_PATHS = (
					"$(inherited)",
					"@executable_path/Frameworks",
					"@loader_path/Frameworks",
				);
				PRODUCT_BUNDLE_IDENTIFIER = mikhey.HWUIPageViewControllerUITests;
				PRODUCT_NAME = "$(TARGET_NAME)";
				SWIFT_VERSION = 4.0;
				TARGETED_DEVICE_FAMILY = "1,2";
				TEST_TARGET_NAME = HWUIPageViewController;
			};
			name = Release;
		};
/* End XCBuildConfiguration section */

/* Begin XCConfigurationList section */
		D683974320C8F6FE008F9CE6 /* Build configuration list for PBXProject "HWUIPageViewController" */ = {
			isa = XCConfigurationList;
			buildConfigurations = (
				D683976E20C8F70C008F9CE6 /* Debug */,
				D683976F20C8F70C008F9CE6 /* Release */,
			);
			defaultConfigurationIsVisible = 0;
			defaultConfigurationName = Release;
		};
		D683977020C8F70C008F9CE6 /* Build configuration list for PBXNativeTarget "HWUIPageViewController" */ = {
			isa = XCConfigurationList;
			buildConfigurations = (
				D683977120C8F70C008F9CE6 /* Debug */,
				D683977220C8F70C008F9CE6 /* Release */,
			);
			defaultConfigurationIsVisible = 0;
			defaultConfigurationName = Release;
		};
		D683977320C8F70C008F9CE6 /* Build configuration list for PBXNativeTarget "HWUIPageViewControllerTests" */ = {
			isa = XCConfigurationList;
			buildConfigurations = (
				D683977420C8F70C008F9CE6 /* Debug */,
				D683977520C8F70C008F9CE6 /* Release */,
			);
			defaultConfigurationIsVisible = 0;
			defaultConfigurationName = Release;
		};
		D683977620C8F70C008F9CE6 /* Build configuration list for PBXNativeTarget "HWUIPageViewControllerUITests" */ = {
			isa = XCConfigurationList;
			buildConfigurations = (
				D683977720C8F70C008F9CE6 /* Debug */,
				D683977820C8F70C008F9CE6 /* Release */,
			);
			defaultConfigurationIsVisible = 0;
			defaultConfigurationName = Release;
		};
/* End XCConfigurationList section */
	};
	rootObject = D683974020C8F6FE008F9CE6 /* Project object */;
}
